github.com/arendtio/sortedintlist v0.0.0-20190611231703-7f1b6c020e64 h1:nHLreNGtpQJVTcZ3/y7PV430R2FWpLD8t6UFHHTk0ks=
github.com/arendtio/sortedintlist v0.0.0-20190611231703-7f1b6c020e64/go.mod h1:TAJZzWCMp/5HpuhlAU+AEpc5GRus7MXMuxW5UiU1z1A=
github.com/arendtio/sortedintlist v0.0.0-20190612095827-75c04280d98a h1:2Clar35vddEca2N45tNpZW+nnRWJScNK3TSBguCNr9k=
github.com/arendtio/sortedintlist v0.0.0-20190612095827-75c04280d98a/go.mod h1:TAJZzWCMp/5HpuhlAU+AEpc5GRus7MXMuxW5UiU1z1A=
